
Microsoft Visual Studio Solution File, Format Version 12.00
# Visual Studio Version 16
VisualStudioVersion = 16.0.30717.126
MinimumVisualStudioVersion = 10.0.40219.1
Project("{FAE04EC0-301F-11D3-BF4B-00C04F79EFBC}") = "ThisIsCShop_Practice", "ThisIsCShop_Practice\ThisIsCShop_Practice.csproj", "{38E14672-E733-468D-9C4A-FA5D1ED44E08}"
EndProject
Project("{9A19103F-16F7-4668-BE54-9A1E7A4F7556}") = "SimpleWindows", "SimpleWindows\SimpleWindows.csproj", "{3BC84929-A3EB-4785-B57D-42EDF35AFEE8}"
EndProject
Project("{FAE04EC0-301F-11D3-BF4B-00C04F79EFBC}") = "Windosws", "Windosws\Windosws.csproj", "{2219544C-E3EB-4FEF-885D-2E981CC32D13}"
EndProject
Project("{FAE04EC0-301F-11D3-BF4B-00C04F79EFBC}") = "UsingWindows", "UsingWindows\UsingWindows.csproj", "{F422D432-DAB0-433B-ACF6-DB57ACDE21F0}"
EndProject
Project("{FAE04EC0-301F-11D3-BF4B-00C04F79EFBC}") = "AsyncFileIOWinForm", "AsyncFileIOWinForm\AsyncFileIOWinForm.csproj", "{96A77328-A136-4D51-B599-0F6C76A140C6}"
EndProject
Global
	GlobalSection(SolutionConfigurationPlatforms) = preSolution
		Debug|Any CPU = Debug|Any CPU
		Release|Any CPU = Release|Any CPU
	EndGlobalSection
	GlobalSection(ProjectConfigurationPlatforms) = postSolution
		{38E14672-E733-468D-9C4A-FA5D1ED44E08}.Debug|Any CPU.ActiveCfg = Debug|Any CPU
		{38E14672-E733-468D-9C4A-FA5D1ED44E08}.Debug|Any CPU.Build.0 = Debug|Any CPU
		{38E14672-E733-468D-9C4A-FA5D1ED44E08}.Release|Any CPU.ActiveCfg = Release|Any CPU
		{38E14672-E733-468D-9C4A-FA5D1ED44E08}.Release|Any CPU.Build.0 = Release|Any CPU
		{3BC84929-A3EB-4785-B57D-42EDF35AFEE8}.Debug|Any CPU.ActiveCfg = Debug|Any CPU
		{3BC84929-A3EB-4785-B57D-42EDF35AFEE8}.Debug|Any CPU.Build.0 = Debug|Any CPU
		{3BC84929-A3EB-4785-B57D-42EDF35AFEE8}.Release|Any CPU.ActiveCfg = Release|Any CPU
		{3BC84929-A3EB-4785-B57D-42EDF35AFEE8}.Release|Any CPU.Build.0 = Release|Any CPU
		{2219544C-E3EB-4FEF-885D-2E981CC32D13}.Debug|Any CPU.ActiveCfg = Debug|Any CPU
		{2219544C-E3EB-4FEF-885D-2E981CC32D13}.Debug|Any CPU.Build.0 = Debug|Any CPU
		{2219544C-E3EB-4FEF-885D-2E981CC32D13}.Release|Any CPU.ActiveCfg = Release|Any CPU
		{2219544C-E3EB-4FEF-885D-2E981CC32D13}.Release|Any CPU.Build.0 = Release|Any CPU
		{F422D432-DAB0-433B-ACF6-DB57ACDE21F0}.Debug|Any CPU.ActiveCfg = Debug|Any CPU
		{F422D432-DAB0-433B-ACF6-DB57ACDE21F0}.Debug|Any CPU.Build.0 = Debug|Any CPU
		{F422D432-DAB0-433B-ACF6-DB57ACDE21F0}.Release|Any CPU.ActiveCfg = Release|Any CPU
		{F422D432-DAB0-433B-ACF6-DB57ACDE21F0}.Release|Any CPU.Build.0 = Release|Any CPU
		{96A77328-A136-4D51-B599-0F6C76A140C6}.Debug|Any CPU.ActiveCfg = Debug|Any CPU
		{96A77328-A136-4D51-B599-0F6C76A140C6}.Debug|Any CPU.Build.0 = Debug|Any CPU
		{96A77328-A136-4D51-B599-0F6C76A140C6}.Release|Any CPU.ActiveCfg = Release|Any CPU
		{96A77328-A136-4D51-B599-0F6C76A140C6}.Release|Any CPU.Build.0 = Release|Any CPU
	EndGlobalSection
	GlobalSection(SolutionProperties) = preSolution
		HideSolutionNode = FALSE
	EndGlobalSection
	GlobalSection(ExtensibilityGlobals) = postSolution
		SolutionGuid = {FCD565DC-F848-4F24-B8CD-693F557D3F16}
	EndGlobalSection
EndGlobal
