
Microsoft Visual Studio Solution File, Format Version 12.00
# Visual Studio Version 16
VisualStudioVersion = 16.0.28922.388
MinimumVisualStudioVersion = 10.0.40219.1
Project("{FAE04EC0-301F-11D3-BF4B-00C04F79EFBC}") = "ThisIsCShop_Practice", "ThisIsCShop_Practice\ThisIsCShop_Practice.csproj", "{38E14672-E733-468D-9C4A-FA5D1ED44E08}"
EndProject
Project("{FAE04EC0-301F-11D3-BF4B-00C04F79EFBC}") = "delegate", "delegate\delegate.csproj", "{06FD7657-DE16-4686-9551-454E3F0E8335}"
EndProject
Project("{FAE04EC0-301F-11D3-BF4B-00C04F79EFBC}") = "delegate_sort", "delegate_sort\delegate_sort.csproj", "{23E9DEED-D0BB-42DB-B32B-543A502D147B}"
EndProject
Global
	GlobalSection(SolutionConfigurationPlatforms) = preSolution
		Debug|Any CPU = Debug|Any CPU
		Release|Any CPU = Release|Any CPU
	EndGlobalSection
	GlobalSection(ProjectConfigurationPlatforms) = postSolution
		{38E14672-E733-468D-9C4A-FA5D1ED44E08}.Debug|Any CPU.ActiveCfg = Debug|Any CPU
		{38E14672-E733-468D-9C4A-FA5D1ED44E08}.Debug|Any CPU.Build.0 = Debug|Any CPU
		{38E14672-E733-468D-9C4A-FA5D1ED44E08}.Release|Any CPU.ActiveCfg = Release|Any CPU
		{38E14672-E733-468D-9C4A-FA5D1ED44E08}.Release|Any CPU.Build.0 = Release|Any CPU
		{06FD7657-DE16-4686-9551-454E3F0E8335}.Debug|Any CPU.ActiveCfg = Debug|Any CPU
		{06FD7657-DE16-4686-9551-454E3F0E8335}.Debug|Any CPU.Build.0 = Debug|Any CPU
		{06FD7657-DE16-4686-9551-454E3F0E8335}.Release|Any CPU.ActiveCfg = Release|Any CPU
		{06FD7657-DE16-4686-9551-454E3F0E8335}.Release|Any CPU.Build.0 = Release|Any CPU
		{23E9DEED-D0BB-42DB-B32B-543A502D147B}.Debug|Any CPU.ActiveCfg = Debug|Any CPU
		{23E9DEED-D0BB-42DB-B32B-543A502D147B}.Debug|Any CPU.Build.0 = Debug|Any CPU
		{23E9DEED-D0BB-42DB-B32B-543A502D147B}.Release|Any CPU.ActiveCfg = Release|Any CPU
		{23E9DEED-D0BB-42DB-B32B-543A502D147B}.Release|Any CPU.Build.0 = Release|Any CPU
	EndGlobalSection
	GlobalSection(SolutionProperties) = preSolution
		HideSolutionNode = FALSE
	EndGlobalSection
	GlobalSection(ExtensibilityGlobals) = postSolution
		SolutionGuid = {FCD565DC-F848-4F24-B8CD-693F557D3F16}
	EndGlobalSection
EndGlobal
